
Microsoft Visual Studio Solution File, Format Version 12.00
# Visual Studio 15
VisualStudioVersion = 15.0.27130.2010
MinimumVisualStudioVersion = 10.0.40219.1
Project("{9A19103F-16F7-4668-BE54-9A1E7A4F7556}") = "The2048", "The2048\The2048.csproj", "{FFC3B320-15E0-4FDC-84CA-BFC54CA974D8}"
EndProject
Project("{FAE04EC0-301F-11D3-BF4B-00C04F79EFBC}") = "GUI", "GUI\GUI.csproj", "{52C8E2F8-A014-4156-9B66-65A9518F4651}"
EndProject
Project("{FAE04EC0-301F-11D3-BF4B-00C04F79EFBC}") = "Sandbox", "Sandbox\Sandbox.csproj", "{303C4C8F-4B5E-4FB9-8A2E-AB719C61DF14}"
EndProject
Global
	GlobalSection(SolutionConfigurationPlatforms) = preSolution
		Debug|Any CPU = Debug|Any CPU
		Release|Any CPU = Release|Any CPU
	EndGlobalSection
	GlobalSection(ProjectConfigurationPlatforms) = postSolution
		{FFC3B320-15E0-4FDC-84CA-BFC54CA974D8}.Debug|Any CPU.ActiveCfg = Debug|Any CPU
		{FFC3B320-15E0-4FDC-84CA-BFC54CA974D8}.Debug|Any CPU.Build.0 = Debug|Any CPU
		{FFC3B320-15E0-4FDC-84CA-BFC54CA974D8}.Release|Any CPU.ActiveCfg = Release|Any CPU
		{FFC3B320-15E0-4FDC-84CA-BFC54CA974D8}.Release|Any CPU.Build.0 = Release|Any CPU
		{52C8E2F8-A014-4156-9B66-65A9518F4651}.Debug|Any CPU.ActiveCfg = Debug|Any CPU
		{52C8E2F8-A014-4156-9B66-65A9518F4651}.Debug|Any CPU.Build.0 = Debug|Any CPU
		{52C8E2F8-A014-4156-9B66-65A9518F4651}.Release|Any CPU.ActiveCfg = Release|Any CPU
		{52C8E2F8-A014-4156-9B66-65A9518F4651}.Release|Any CPU.Build.0 = Release|Any CPU
		{303C4C8F-4B5E-4FB9-8A2E-AB719C61DF14}.Debug|Any CPU.ActiveCfg = Debug|Any CPU
		{303C4C8F-4B5E-4FB9-8A2E-AB719C61DF14}.Debug|Any CPU.Build.0 = Debug|Any CPU
		{303C4C8F-4B5E-4FB9-8A2E-AB719C61DF14}.Release|Any CPU.ActiveCfg = Release|Any CPU
		{303C4C8F-4B5E-4FB9-8A2E-AB719C61DF14}.Release|Any CPU.Build.0 = Release|Any CPU
	EndGlobalSection
	GlobalSection(SolutionProperties) = preSolution
		HideSolutionNode = FALSE
	EndGlobalSection
	GlobalSection(ExtensibilityGlobals) = postSolution
		SolutionGuid = {9512ED4E-21CB-4D61-826C-E7E07D8FFD0D}
	EndGlobalSection
EndGlobal
